
Microsoft Visual Studio Solution File, Format Version 12.00
# Visual Studio Version 16
VisualStudioVersion = 16.0.28922.388
MinimumVisualStudioVersion = 10.0.40219.1
Project("{FAE04EC0-301F-11D3-BF4B-00C04F79EFBC}") = "TorizonAppDeploymentAPI", "TorizonAppDeploymentAPI\TorizonAppDeploymentAPI.csproj", "{9EB49F7A-8641-4E6C-9B90-9E4F85BA5A67}"
EndProject
Global
	GlobalSection(SolutionConfigurationPlatforms) = preSolution
		Debug|Any CPU = Debug|Any CPU
		Debug|ARM = Debug|ARM
		Debug|x64 = Debug|x64
		Debug|x86 = Debug|x86
		Release|Any CPU = Release|Any CPU
		Release|ARM = Release|ARM
		Release|x64 = Release|x64
		Release|x86 = Release|x86
	EndGlobalSection
	GlobalSection(ProjectConfigurationPlatforms) = postSolution
		{9EB49F7A-8641-4E6C-9B90-9E4F85BA5A67}.Debug|Any CPU.ActiveCfg = Debug|Any CPU
		{9EB49F7A-8641-4E6C-9B90-9E4F85BA5A67}.Debug|Any CPU.Build.0 = Debug|Any CPU
		{9EB49F7A-8641-4E6C-9B90-9E4F85BA5A67}.Debug|ARM.ActiveCfg = Debug|Any CPU
		{9EB49F7A-8641-4E6C-9B90-9E4F85BA5A67}.Debug|ARM.Build.0 = Debug|Any CPU
		{9EB49F7A-8641-4E6C-9B90-9E4F85BA5A67}.Debug|x64.ActiveCfg = Debug|Any CPU
		{9EB49F7A-8641-4E6C-9B90-9E4F85BA5A67}.Debug|x64.Build.0 = Debug|Any CPU
		{9EB49F7A-8641-4E6C-9B90-9E4F85BA5A67}.Debug|x86.ActiveCfg = Debug|Any CPU
		{9EB49F7A-8641-4E6C-9B90-9E4F85BA5A67}.Debug|x86.Build.0 = Debug|Any CPU
		{9EB49F7A-8641-4E6C-9B90-9E4F85BA5A67}.Release|Any CPU.ActiveCfg = Release|Any CPU
		{9EB49F7A-8641-4E6C-9B90-9E4F85BA5A67}.Release|Any CPU.Build.0 = Release|Any CPU
		{9EB49F7A-8641-4E6C-9B90-9E4F85BA5A67}.Release|ARM.ActiveCfg = Release|Any CPU
		{9EB49F7A-8641-4E6C-9B90-9E4F85BA5A67}.Release|ARM.Build.0 = Release|Any CPU
		{9EB49F7A-8641-4E6C-9B90-9E4F85BA5A67}.Release|x64.ActiveCfg = Release|Any CPU
		{9EB49F7A-8641-4E6C-9B90-9E4F85BA5A67}.Release|x64.Build.0 = Release|Any CPU
		{9EB49F7A-8641-4E6C-9B90-9E4F85BA5A67}.Release|x86.ActiveCfg = Release|Any CPU
		{9EB49F7A-8641-4E6C-9B90-9E4F85BA5A67}.Release|x86.Build.0 = Release|Any CPU
	EndGlobalSection
	GlobalSection(SolutionProperties) = preSolution
		HideSolutionNode = FALSE
	EndGlobalSection
	GlobalSection(ExtensibilityGlobals) = postSolution
		SolutionGuid = {1F38B769-58D6-4D4C-8AF3-774F1860DA16}
	EndGlobalSection
EndGlobal
